
Microsoft Visual Studio Solution File, Format Version 12.00
# Visual Studio Version 16
VisualStudioVersion = 16.0.29001.49
MinimumVisualStudioVersion = 10.0.40219.1
Project("{9A19103F-16F7-4668-BE54-9A1E7A4F7556}") = "Capnp.Net.Runtime", "Capnp.Net.Runtime\Capnp.Net.Runtime.csproj", "{D4326221-63C9-4AC5-805A-B4D8CA47546A}"
EndProject
Project("{9A19103F-16F7-4668-BE54-9A1E7A4F7556}") = "capnpc-csharp", "capnpc-csharp\capnpc-csharp.csproj", "{D19E5EA7-D35B-4A1F-99CB-ED136316B577}"
EndProject
Project("{9A19103F-16F7-4668-BE54-9A1E7A4F7556}") = "Capnp.Net.Runtime.Tests", "Capnp.Net.Runtime.Tests\Capnp.Net.Runtime.Tests.csproj", "{9ED38750-F83F-4B10-B3A3-4FD6183F9E86}"
EndProject
Global
	GlobalSection(SolutionConfigurationPlatforms) = preSolution
		Debug|Any CPU = Debug|Any CPU
		Release|Any CPU = Release|Any CPU
	EndGlobalSection
	GlobalSection(ProjectConfigurationPlatforms) = postSolution
		{D4326221-63C9-4AC5-805A-B4D8CA47546A}.Debug|Any CPU.ActiveCfg = Debug|Any CPU
		{D4326221-63C9-4AC5-805A-B4D8CA47546A}.Debug|Any CPU.Build.0 = Debug|Any CPU
		{D4326221-63C9-4AC5-805A-B4D8CA47546A}.Release|Any CPU.ActiveCfg = Release|Any CPU
		{D4326221-63C9-4AC5-805A-B4D8CA47546A}.Release|Any CPU.Build.0 = Release|Any CPU
		{D19E5EA7-D35B-4A1F-99CB-ED136316B577}.Debug|Any CPU.ActiveCfg = Debug|Any CPU
		{D19E5EA7-D35B-4A1F-99CB-ED136316B577}.Debug|Any CPU.Build.0 = Debug|Any CPU
		{D19E5EA7-D35B-4A1F-99CB-ED136316B577}.Release|Any CPU.ActiveCfg = Release|Any CPU
		{D19E5EA7-D35B-4A1F-99CB-ED136316B577}.Release|Any CPU.Build.0 = Release|Any CPU
		{8C17F147-D784-4584-80FF-21BE03AC0D17}.Debug|Any CPU.ActiveCfg = Debug|Any CPU
		{8C17F147-D784-4584-80FF-21BE03AC0D17}.Debug|Any CPU.Build.0 = Debug|Any CPU
		{8C17F147-D784-4584-80FF-21BE03AC0D17}.Release|Any CPU.ActiveCfg = Release|Any CPU
		{8C17F147-D784-4584-80FF-21BE03AC0D17}.Release|Any CPU.Build.0 = Release|Any CPU
		{9ED38750-F83F-4B10-B3A3-4FD6183F9E86}.Debug|Any CPU.ActiveCfg = Debug|Any CPU
		{9ED38750-F83F-4B10-B3A3-4FD6183F9E86}.Debug|Any CPU.Build.0 = Debug|Any CPU
		{9ED38750-F83F-4B10-B3A3-4FD6183F9E86}.Release|Any CPU.ActiveCfg = Release|Any CPU
		{9ED38750-F83F-4B10-B3A3-4FD6183F9E86}.Release|Any CPU.Build.0 = Release|Any CPU
	EndGlobalSection
	GlobalSection(SolutionProperties) = preSolution
		HideSolutionNode = FALSE
	EndGlobalSection
	GlobalSection(ExtensibilityGlobals) = postSolution
		SolutionGuid = {0287DA2E-5CB2-4B60-921D-D9B7AC7CA38C}
	EndGlobalSection
EndGlobal
