
Microsoft Visual Studio Solution File, Format Version 12.00
# Visual Studio Version 16
VisualStudioVersion = 16.0.29001.49
MinimumVisualStudioVersion = 10.0.40219.1
Project("{9A19103F-16F7-4668-BE54-9A1E7A4F7556}") = "Capnp.Net.Runtime", "Capnp.Net.Runtime\Capnp.Net.Runtime.csproj", "{D4326221-63C9-4AC5-805A-B4D8CA47546A}"
EndProject
Project("{9A19103F-16F7-4668-BE54-9A1E7A4F7556}") = "capnpc-csharp", "capnpc-csharp\capnpc-csharp.csproj", "{D19E5EA7-D35B-4A1F-99CB-ED136316B577}"
EndProject
Project("{9A19103F-16F7-4668-BE54-9A1E7A4F7556}") = "Capnp.Net.Runtime.Tests.Std20", "Capnp.Net.Runtime.Tests\Capnp.Net.Runtime.Tests.Std20.csproj", "{9ED38750-F83F-4B10-B3A3-4FD6183F9E86}"
EndProject
Project("{9A19103F-16F7-4668-BE54-9A1E7A4F7556}") = "CapnpC.CSharp.Generator.Tests", "CapnpC.CSharp.Generator.Tests\CapnpC.CSharp.Generator.Tests.csproj", "{B77AC567-E232-4072-85C3-8689566BF3D4}"
EndProject
Project("{9A19103F-16F7-4668-BE54-9A1E7A4F7556}") = "CapnpC.CSharp.MsBuild.Generation", "CapnpC.CSharp.MsBuild.Generation\CapnpC.CSharp.MsBuild.Generation.csproj", "{1EFC1F20-C7BB-4F44-8BF9-DBB123AACCF4}"
EndProject
Project("{9A19103F-16F7-4668-BE54-9A1E7A4F7556}") = "CapnpC.CSharp.Generator", "CapnpC.CSharp.Generator\CapnpC.CSharp.Generator.csproj", "{C3A3BB49-356E-4762-A190-76D877BE18F7}"
EndProject
Project("{9A19103F-16F7-4668-BE54-9A1E7A4F7556}") = "CapnpC.CSharp.MsBuild.Generation.Tests", "CapnpC.CSharp.MsBuild.Generation.Tests\CapnpC.CSharp.MsBuild.Generation.Tests.csproj", "{EF05AD68-DE31-448E-B88D-4144F928ED5D}"
EndProject
Global
	GlobalSection(SolutionConfigurationPlatforms) = preSolution
		Debug|Any CPU = Debug|Any CPU
		Release|Any CPU = Release|Any CPU
	EndGlobalSection
	GlobalSection(ProjectConfigurationPlatforms) = postSolution
		{D4326221-63C9-4AC5-805A-B4D8CA47546A}.Debug|Any CPU.ActiveCfg = Debug|Any CPU
		{D4326221-63C9-4AC5-805A-B4D8CA47546A}.Debug|Any CPU.Build.0 = Debug|Any CPU
		{D4326221-63C9-4AC5-805A-B4D8CA47546A}.Release|Any CPU.ActiveCfg = Release|Any CPU
		{D4326221-63C9-4AC5-805A-B4D8CA47546A}.Release|Any CPU.Build.0 = Release|Any CPU
		{D19E5EA7-D35B-4A1F-99CB-ED136316B577}.Debug|Any CPU.ActiveCfg = Debug|Any CPU
		{D19E5EA7-D35B-4A1F-99CB-ED136316B577}.Debug|Any CPU.Build.0 = Debug|Any CPU
		{D19E5EA7-D35B-4A1F-99CB-ED136316B577}.Release|Any CPU.ActiveCfg = Release|Any CPU
		{D19E5EA7-D35B-4A1F-99CB-ED136316B577}.Release|Any CPU.Build.0 = Release|Any CPU
		{9ED38750-F83F-4B10-B3A3-4FD6183F9E86}.Debug|Any CPU.ActiveCfg = Debug|Any CPU
		{9ED38750-F83F-4B10-B3A3-4FD6183F9E86}.Debug|Any CPU.Build.0 = Debug|Any CPU
		{9ED38750-F83F-4B10-B3A3-4FD6183F9E86}.Release|Any CPU.ActiveCfg = Release|Any CPU
		{9ED38750-F83F-4B10-B3A3-4FD6183F9E86}.Release|Any CPU.Build.0 = Release|Any CPU
		{B77AC567-E232-4072-85C3-8689566BF3D4}.Debug|Any CPU.ActiveCfg = Debug|Any CPU
		{B77AC567-E232-4072-85C3-8689566BF3D4}.Debug|Any CPU.Build.0 = Debug|Any CPU
		{B77AC567-E232-4072-85C3-8689566BF3D4}.Release|Any CPU.ActiveCfg = Release|Any CPU
		{B77AC567-E232-4072-85C3-8689566BF3D4}.Release|Any CPU.Build.0 = Release|Any CPU
		{1EFC1F20-C7BB-4F44-8BF9-DBB123AACCF4}.Debug|Any CPU.ActiveCfg = Debug|Any CPU
		{1EFC1F20-C7BB-4F44-8BF9-DBB123AACCF4}.Debug|Any CPU.Build.0 = Debug|Any CPU
		{1EFC1F20-C7BB-4F44-8BF9-DBB123AACCF4}.Release|Any CPU.ActiveCfg = Release|Any CPU
		{1EFC1F20-C7BB-4F44-8BF9-DBB123AACCF4}.Release|Any CPU.Build.0 = Release|Any CPU
		{C3A3BB49-356E-4762-A190-76D877BE18F7}.Debug|Any CPU.ActiveCfg = Debug|Any CPU
		{C3A3BB49-356E-4762-A190-76D877BE18F7}.Debug|Any CPU.Build.0 = Debug|Any CPU
		{C3A3BB49-356E-4762-A190-76D877BE18F7}.Release|Any CPU.ActiveCfg = Release|Any CPU
		{C3A3BB49-356E-4762-A190-76D877BE18F7}.Release|Any CPU.Build.0 = Release|Any CPU
		{EF05AD68-DE31-448E-B88D-4144F928ED5D}.Debug|Any CPU.ActiveCfg = Debug|Any CPU
		{EF05AD68-DE31-448E-B88D-4144F928ED5D}.Debug|Any CPU.Build.0 = Debug|Any CPU
		{EF05AD68-DE31-448E-B88D-4144F928ED5D}.Release|Any CPU.ActiveCfg = Release|Any CPU
		{EF05AD68-DE31-448E-B88D-4144F928ED5D}.Release|Any CPU.Build.0 = Release|Any CPU
	EndGlobalSection
	GlobalSection(SolutionProperties) = preSolution
		HideSolutionNode = FALSE
	EndGlobalSection
	GlobalSection(ExtensibilityGlobals) = postSolution
		SolutionGuid = {0287DA2E-5CB2-4B60-921D-D9B7AC7CA38C}
	EndGlobalSection
EndGlobal
