
Microsoft Visual Studio Solution File, Format Version 12.00
# Visual Studio Version 16
VisualStudioVersion = 16.0.29728.190
MinimumVisualStudioVersion = 10.0.40219.1
Project("{FAE04EC0-301F-11D3-BF4B-00C04F79EFBC}") = "EchoServiceGrpc", "EchoServiceGrpc\EchoServiceGrpc.csproj", "{D59C7B71-3887-426B-A636-2DBDA0549817}"
EndProject
Project("{FAE04EC0-301F-11D3-BF4B-00C04F79EFBC}") = "Benchmark", "Benchmark\Benchmark.csproj", "{7F7580CA-CCF0-4650-87BF-502D51A8F435}"
EndProject
Project("{FAE04EC0-301F-11D3-BF4B-00C04F79EFBC}") = "EchoServiceCapnp", "EchoServiceCapnp\EchoServiceCapnp.csproj", "{309A4A26-F29E-4F49-AB49-76BAE0FD7D62}"
EndProject
Global
	GlobalSection(SolutionConfigurationPlatforms) = preSolution
		Debug|Any CPU = Debug|Any CPU
		Release|Any CPU = Release|Any CPU
	EndGlobalSection
	GlobalSection(ProjectConfigurationPlatforms) = postSolution
		{D59C7B71-3887-426B-A636-2DBDA0549817}.Debug|Any CPU.ActiveCfg = Debug|Any CPU
		{D59C7B71-3887-426B-A636-2DBDA0549817}.Debug|Any CPU.Build.0 = Debug|Any CPU
		{D59C7B71-3887-426B-A636-2DBDA0549817}.Release|Any CPU.ActiveCfg = Release|Any CPU
		{D59C7B71-3887-426B-A636-2DBDA0549817}.Release|Any CPU.Build.0 = Release|Any CPU
		{7F7580CA-CCF0-4650-87BF-502D51A8F435}.Debug|Any CPU.ActiveCfg = Debug|Any CPU
		{7F7580CA-CCF0-4650-87BF-502D51A8F435}.Debug|Any CPU.Build.0 = Debug|Any CPU
		{7F7580CA-CCF0-4650-87BF-502D51A8F435}.Release|Any CPU.ActiveCfg = Release|Any CPU
		{7F7580CA-CCF0-4650-87BF-502D51A8F435}.Release|Any CPU.Build.0 = Release|Any CPU
		{309A4A26-F29E-4F49-AB49-76BAE0FD7D62}.Debug|Any CPU.ActiveCfg = Debug|Any CPU
		{309A4A26-F29E-4F49-AB49-76BAE0FD7D62}.Debug|Any CPU.Build.0 = Debug|Any CPU
		{309A4A26-F29E-4F49-AB49-76BAE0FD7D62}.Release|Any CPU.ActiveCfg = Release|Any CPU
		{309A4A26-F29E-4F49-AB49-76BAE0FD7D62}.Release|Any CPU.Build.0 = Release|Any CPU
	EndGlobalSection
	GlobalSection(SolutionProperties) = preSolution
		HideSolutionNode = FALSE
	EndGlobalSection
	GlobalSection(ExtensibilityGlobals) = postSolution
		SolutionGuid = {A6702BC8-8CC0-4BDA-8BD5-D5D268291E93}
	EndGlobalSection
EndGlobal
