
Microsoft Visual Studio Solution File, Format Version 12.00
# Visual Studio Version 16
VisualStudioVersion = 16.0.29306.81
MinimumVisualStudioVersion = 10.0.40219.1
Project("{9A19103F-16F7-4668-BE54-9A1E7A4F7556}") = "MsBuildGenerationTest", "MsBuildGenerationTest.csproj", "{D2CFBABF-7028-4761-9B24-6054008F41A0}"
EndProject
Global
	GlobalSection(SolutionConfigurationPlatforms) = preSolution
		AppVeyor|Any CPU = AppVeyor|Any CPU
		Debug|Any CPU = Debug|Any CPU
		Release|Any CPU = Release|Any CPU
	EndGlobalSection
	GlobalSection(ProjectConfigurationPlatforms) = postSolution
		{D2CFBABF-7028-4761-9B24-6054008F41A0}.AppVeyor|Any CPU.ActiveCfg = Release|Any CPU
		{D2CFBABF-7028-4761-9B24-6054008F41A0}.AppVeyor|Any CPU.Build.0 = Release|Any CPU
		{D2CFBABF-7028-4761-9B24-6054008F41A0}.Debug|Any CPU.ActiveCfg = Debug|Any CPU
		{D2CFBABF-7028-4761-9B24-6054008F41A0}.Debug|Any CPU.Build.0 = Debug|Any CPU
		{D2CFBABF-7028-4761-9B24-6054008F41A0}.Release|Any CPU.ActiveCfg = Release|Any CPU
		{D2CFBABF-7028-4761-9B24-6054008F41A0}.Release|Any CPU.Build.0 = Release|Any CPU
	EndGlobalSection
	GlobalSection(SolutionProperties) = preSolution
		HideSolutionNode = FALSE
	EndGlobalSection
	GlobalSection(ExtensibilityGlobals) = postSolution
		SolutionGuid = {76182204-2E1A-4AEF-AB7B-13725C36FFF2}
	EndGlobalSection
EndGlobal
